// !$*UTF8*$!
{
	archiveVersion = 1;
	classes = {
	};
	objectVersion = 50;
	objects = {

/* Begin PBXBuildFile section */
		4B14082A256AA297007F5BF1 /* AppDelegate.swift in Sources */ = {isa = PBXBuildFile; fileRef = 4B140829256AA297007F5BF1 /* AppDelegate.swift */; };
		4B14082E256AA297007F5BF1 /* RestaurantVC.swift in Sources */ = {isa = PBXBuildFile; fileRef = 4B14082D256AA297007F5BF1 /* RestaurantVC.swift */; };
		4B140831256AA297007F5BF1 /* Main.storyboard in Resources */ = {isa = PBXBuildFile; fileRef = 4B14082F256AA297007F5BF1 /* Main.storyboard */; };
		4B140833256AA298007F5BF1 /* Assets.xcassets in Resources */ = {isa = PBXBuildFile; fileRef = 4B140832256AA298007F5BF1 /* Assets.xcassets */; };
		4B140836256AA298007F5BF1 /* LaunchScreen.storyboard in Resources */ = {isa = PBXBuildFile; fileRef = 4B140834256AA298007F5BF1 /* LaunchScreen.storyboard */; };
		4B140841256AA298007F5BF1 /* ProgrammaticCollectionTests.swift in Sources */ = {isa = PBXBuildFile; fileRef = 4B140840256AA298007F5BF1 /* ProgrammaticCollectionTests.swift */; };
		4B14084C256AA298007F5BF1 /* ProgrammaticCollectionUITests.swift in Sources */ = {isa = PBXBuildFile; fileRef = 4B14084B256AA298007F5BF1 /* ProgrammaticCollectionUITests.swift */; };
		4B14086C256AA582007F5BF1 /* RestaurantManager.swift in Sources */ = {isa = PBXBuildFile; fileRef = 4B14086B256AA582007F5BF1 /* RestaurantManager.swift */; };
		4B140878256AA734007F5BF1 /* Palette.swift in Sources */ = {isa = PBXBuildFile; fileRef = 4B140877256AA734007F5BF1 /* Palette.swift */; };
		4B14087D256AA8F3007F5BF1 /* Utils.swift in Sources */ = {isa = PBXBuildFile; fileRef = 4B14087C256AA8F3007F5BF1 /* Utils.swift */; };
		4B140883256AD860007F5BF1 /* RestaurantData.swift in Sources */ = {isa = PBXBuildFile; fileRef = 4B140882256AD860007F5BF1 /* RestaurantData.swift */; };
		4B14088C256AE177007F5BF1 /* RestaurantDataForUI.swift in Sources */ = {isa = PBXBuildFile; fileRef = 4B14088B256AE177007F5BF1 /* RestaurantDataForUI.swift */; };
/* End PBXBuildFile section */

/* Begin PBXContainerItemProxy section */
		4B14083D256AA298007F5BF1 /* PBXContainerItemProxy */ = {
			isa = PBXContainerItemProxy;
			containerPortal = 4B14081E256AA297007F5BF1 /* Project object */;
			proxyType = 1;
			remoteGlobalIDString = 4B140825256AA297007F5BF1;
			remoteInfo = ProgrammaticCollection;
		};
		4B140848256AA298007F5BF1 /* PBXContainerItemProxy */ = {
			isa = PBXContainerItemProxy;
			containerPortal = 4B14081E256AA297007F5BF1 /* Project object */;
			proxyType = 1;
			remoteGlobalIDString = 4B140825256AA297007F5BF1;
			remoteInfo = ProgrammaticCollection;
		};
/* End PBXContainerItemProxy section */

/* Begin PBXFileReference section */
		4B140826256AA297007F5BF1 /* ProgrammaticCollection.app */ = {isa = PBXFileReference; explicitFileType = wrapper.application; includeInIndex = 0; path = ProgrammaticCollection.app; sourceTree = BUILT_PRODUCTS_DIR; };
		4B140829256AA297007F5BF1 /* AppDelegate.swift */ = {isa = PBXFileReference; lastKnownFileType = sourcecode.swift; path = AppDelegate.swift; sourceTree = "<group>"; };
		4B14082D256AA297007F5BF1 /* RestaurantVC.swift */ = {isa = PBXFileReference; lastKnownFileType = sourcecode.swift; path = RestaurantVC.swift; sourceTree = "<group>"; };
		4B140830256AA297007F5BF1 /* Base */ = {isa = PBXFileReference; lastKnownFileType = file.storyboard; name = Base; path = Base.lproj/Main.storyboard; sourceTree = "<group>"; };
		4B140832256AA298007F5BF1 /* Assets.xcassets */ = {isa = PBXFileReference; lastKnownFileType = folder.assetcatalog; path = Assets.xcassets; sourceTree = "<group>"; };
		4B140835256AA298007F5BF1 /* Base */ = {isa = PBXFileReference; lastKnownFileType = file.storyboard; name = Base; path = Base.lproj/LaunchScreen.storyboard; sourceTree = "<group>"; };
		4B140837256AA298007F5BF1 /* Info.plist */ = {isa = PBXFileReference; lastKnownFileType = text.plist.xml; path = Info.plist; sourceTree = "<group>"; };
		4B14083C256AA298007F5BF1 /* ProgrammaticCollectionTests.xctest */ = {isa = PBXFileReference; explicitFileType = wrapper.cfbundle; includeInIndex = 0; path = ProgrammaticCollectionTests.xctest; sourceTree = BUILT_PRODUCTS_DIR; };
		4B140840256AA298007F5BF1 /* ProgrammaticCollectionTests.swift */ = {isa = PBXFileReference; lastKnownFileType = sourcecode.swift; path = ProgrammaticCollectionTests.swift; sourceTree = "<group>"; };
		4B140842256AA298007F5BF1 /* Info.plist */ = {isa = PBXFileReference; lastKnownFileType = text.plist.xml; path = Info.plist; sourceTree = "<group>"; };
		4B140847256AA298007F5BF1 /* ProgrammaticCollectionUITests.xctest */ = {isa = PBXFileReference; explicitFileType = wrapper.cfbundle; includeInIndex = 0; path = ProgrammaticCollectionUITests.xctest; sourceTree = BUILT_PRODUCTS_DIR; };
		4B14084B256AA298007F5BF1 /* ProgrammaticCollectionUITests.swift */ = {isa = PBXFileReference; lastKnownFileType = sourcecode.swift; path = ProgrammaticCollectionUITests.swift; sourceTree = "<group>"; };
		4B14084D256AA298007F5BF1 /* Info.plist */ = {isa = PBXFileReference; lastKnownFileType = text.plist.xml; path = Info.plist; sourceTree = "<group>"; };
		4B14086B256AA582007F5BF1 /* RestaurantManager.swift */ = {isa = PBXFileReference; lastKnownFileType = sourcecode.swift; path = RestaurantManager.swift; sourceTree = "<group>"; };
		4B140877256AA734007F5BF1 /* Palette.swift */ = {isa = PBXFileReference; lastKnownFileType = sourcecode.swift; path = Palette.swift; sourceTree = "<group>"; };
		4B14087C256AA8F3007F5BF1 /* Utils.swift */ = {isa = PBXFileReference; lastKnownFileType = sourcecode.swift; path = Utils.swift; sourceTree = "<group>"; };
		4B140882256AD860007F5BF1 /* RestaurantData.swift */ = {isa = PBXFileReference; lastKnownFileType = sourcecode.swift; path = RestaurantData.swift; sourceTree = "<group>"; };
		4B14088B256AE177007F5BF1 /* RestaurantDataForUI.swift */ = {isa = PBXFileReference; lastKnownFileType = sourcecode.swift; path = RestaurantDataForUI.swift; sourceTree = "<group>"; };
/* End PBXFileReference section */

/* Begin PBXFrameworksBuildPhase section */
		4B140823256AA297007F5BF1 /* Frameworks */ = {
			isa = PBXFrameworksBuildPhase;
			buildActionMask = 2147483647;
			files = (
			);
			runOnlyForDeploymentPostprocessing = 0;
		};
		4B140839256AA298007F5BF1 /* Frameworks */ = {
			isa = PBXFrameworksBuildPhase;
			buildActionMask = 2147483647;
			files = (
			);
			runOnlyForDeploymentPostprocessing = 0;
		};
		4B140844256AA298007F5BF1 /* Frameworks */ = {
			isa = PBXFrameworksBuildPhase;
			buildActionMask = 2147483647;
			files = (
			);
			runOnlyForDeploymentPostprocessing = 0;
		};
/* End PBXFrameworksBuildPhase section */

/* Begin PBXGroup section */
		4B14081D256AA297007F5BF1 = {
			isa = PBXGroup;
			children = (
				4B140828256AA297007F5BF1 /* ProgrammaticCollection */,
				4B14083F256AA298007F5BF1 /* ProgrammaticCollectionTests */,
				4B14084A256AA298007F5BF1 /* ProgrammaticCollectionUITests */,
				4B140827256AA297007F5BF1 /* Products */,
			);
			sourceTree = "<group>";
		};
		4B140827256AA297007F5BF1 /* Products */ = {
			isa = PBXGroup;
			children = (
				4B140826256AA297007F5BF1 /* ProgrammaticCollection.app */,
				4B14083C256AA298007F5BF1 /* ProgrammaticCollectionTests.xctest */,
				4B140847256AA298007F5BF1 /* ProgrammaticCollectionUITests.xctest */,
			);
			name = Products;
			sourceTree = "<group>";
		};
		4B140828256AA297007F5BF1 /* ProgrammaticCollection */ = {
			isa = PBXGroup;
			children = (
				4B140881256AD84B007F5BF1 /* Models */,
				4B140870256AA638007F5BF1 /* Utils */,
				4B14085D256AA2D1007F5BF1 /* CoreLogic */,
				4B14085C256AA2C2007F5BF1 /* UI */,
				4B140829256AA297007F5BF1 /* AppDelegate.swift */,
				4B14082F256AA297007F5BF1 /* Main.storyboard */,
				4B140832256AA298007F5BF1 /* Assets.xcassets */,
				4B140834256AA298007F5BF1 /* LaunchScreen.storyboard */,
				4B140837256AA298007F5BF1 /* Info.plist */,
			);
			path = ProgrammaticCollection;
			sourceTree = "<group>";
		};
		4B14083F256AA298007F5BF1 /* ProgrammaticCollectionTests */ = {
			isa = PBXGroup;
			children = (
				4B140840256AA298007F5BF1 /* ProgrammaticCollectionTests.swift */,
				4B140842256AA298007F5BF1 /* Info.plist */,
			);
			path = ProgrammaticCollectionTests;
			sourceTree = "<group>";
		};
		4B14084A256AA298007F5BF1 /* ProgrammaticCollectionUITests */ = {
			isa = PBXGroup;
			children = (
				4B14084B256AA298007F5BF1 /* ProgrammaticCollectionUITests.swift */,
				4B14084D256AA298007F5BF1 /* Info.plist */,
			);
			path = ProgrammaticCollectionUITests;
			sourceTree = "<group>";
		};
		4B14085C256AA2C2007F5BF1 /* UI */ = {
			isa = PBXGroup;
			children = (
				4B14082D256AA297007F5BF1 /* RestaurantVC.swift */,
			);
			path = UI;
			sourceTree = "<group>";
		};
		4B14085D256AA2D1007F5BF1 /* CoreLogic */ = {
			isa = PBXGroup;
			children = (
				4B14086B256AA582007F5BF1 /* RestaurantManager.swift */,
			);
			path = CoreLogic;
			sourceTree = "<group>";
		};
		4B140870256AA638007F5BF1 /* Utils */ = {
			isa = PBXGroup;
			children = (
				4B140877256AA734007F5BF1 /* Palette.swift */,
				4B14087C256AA8F3007F5BF1 /* Utils.swift */,
			);
			path = Utils;
			sourceTree = "<group>";
		};
		4B140881256AD84B007F5BF1 /* Models */ = {
			isa = PBXGroup;
			children = (
				4B140882256AD860007F5BF1 /* RestaurantData.swift */,
				4B14088B256AE177007F5BF1 /* RestaurantDataForUI.swift */,
			);
			path = Models;
			sourceTree = "<group>";
		};
/* End PBXGroup section */

/* Begin PBXNativeTarget section */
		4B140825256AA297007F5BF1 /* ProgrammaticCollection */ = {
			isa = PBXNativeTarget;
			buildConfigurationList = 4B140850256AA298007F5BF1 /* Build configuration list for PBXNativeTarget "ProgrammaticCollection" */;
			buildPhases = (
				4B140822256AA297007F5BF1 /* Sources */,
				4B140823256AA297007F5BF1 /* Frameworks */,
				4B140824256AA297007F5BF1 /* Resources */,
			);
			buildRules = (
			);
			dependencies = (
			);
			name = ProgrammaticCollection;
			productName = ProgrammaticCollection;
			productReference = 4B140826256AA297007F5BF1 /* ProgrammaticCollection.app */;
			productType = "com.apple.product-type.application";
		};
		4B14083B256AA298007F5BF1 /* ProgrammaticCollectionTests */ = {
			isa = PBXNativeTarget;
			buildConfigurationList = 4B140853256AA298007F5BF1 /* Build configuration list for PBXNativeTarget "ProgrammaticCollectionTests" */;
			buildPhases = (
				4B140838256AA298007F5BF1 /* Sources */,
				4B140839256AA298007F5BF1 /* Frameworks */,
				4B14083A256AA298007F5BF1 /* Resources */,
			);
			buildRules = (
			);
			dependencies = (
				4B14083E256AA298007F5BF1 /* PBXTargetDependency */,
			);
			name = ProgrammaticCollectionTests;
			productName = ProgrammaticCollectionTests;
			productReference = 4B14083C256AA298007F5BF1 /* ProgrammaticCollectionTests.xctest */;
			productType = "com.apple.product-type.bundle.unit-test";
		};
		4B140846256AA298007F5BF1 /* ProgrammaticCollectionUITests */ = {
			isa = PBXNativeTarget;
			buildConfigurationList = 4B140856256AA298007F5BF1 /* Build configuration list for PBXNativeTarget "ProgrammaticCollectionUITests" */;
			buildPhases = (
				4B140843256AA298007F5BF1 /* Sources */,
				4B140844256AA298007F5BF1 /* Frameworks */,
				4B140845256AA298007F5BF1 /* Resources */,
			);
			buildRules = (
			);
			dependencies = (
				4B140849256AA298007F5BF1 /* PBXTargetDependency */,
			);
			name = ProgrammaticCollectionUITests;
			productName = ProgrammaticCollectionUITests;
			productReference = 4B140847256AA298007F5BF1 /* ProgrammaticCollectionUITests.xctest */;
			productType = "com.apple.product-type.bundle.ui-testing";
		};
/* End PBXNativeTarget section */

/* Begin PBXProject section */
		4B14081E256AA297007F5BF1 /* Project object */ = {
			isa = PBXProject;
			attributes = {
				LastSwiftUpdateCheck = 1200;
				LastUpgradeCheck = 1200;
				TargetAttributes = {
					4B140825256AA297007F5BF1 = {
						CreatedOnToolsVersion = 12.0.1;
					};
					4B14083B256AA298007F5BF1 = {
						CreatedOnToolsVersion = 12.0.1;
						TestTargetID = 4B140825256AA297007F5BF1;
					};
					4B140846256AA298007F5BF1 = {
						CreatedOnToolsVersion = 12.0.1;
						TestTargetID = 4B140825256AA297007F5BF1;
					};
				};
			};
			buildConfigurationList = 4B140821256AA297007F5BF1 /* Build configuration list for PBXProject "ProgrammaticCollection" */;
			compatibilityVersion = "Xcode 9.3";
			developmentRegion = en;
			hasScannedForEncodings = 0;
			knownRegions = (
				en,
				Base,
			);
			mainGroup = 4B14081D256AA297007F5BF1;
			productRefGroup = 4B140827256AA297007F5BF1 /* Products */;
			projectDirPath = "";
			projectRoot = "";
			targets = (
				4B140825256AA297007F5BF1 /* ProgrammaticCollection */,
				4B14083B256AA298007F5BF1 /* ProgrammaticCollectionTests */,
				4B140846256AA298007F5BF1 /* ProgrammaticCollectionUITests */,
			);
		};
/* End PBXProject section */

/* Begin PBXResourcesBuildPhase section */
		4B140824256AA297007F5BF1 /* Resources */ = {
			isa = PBXResourcesBuildPhase;
			buildActionMask = 2147483647;
			files = (
				4B140836256AA298007F5BF1 /* LaunchScreen.storyboard in Resources */,
				4B140833256AA298007F5BF1 /* Assets.xcassets in Resources */,
				4B140831256AA297007F5BF1 /* Main.storyboard in Resources */,
			);
			runOnlyForDeploymentPostprocessing = 0;
		};
		4B14083A256AA298007F5BF1 /* Resources */ = {
			isa = PBXResourcesBuildPhase;
			buildActionMask = 2147483647;
			files = (
			);
			runOnlyForDeploymentPostprocessing = 0;
		};
		4B140845256AA298007F5BF1 /* Resources */ = {
			isa = PBXResourcesBuildPhase;
			buildActionMask = 2147483647;
			files = (
			);
			runOnlyForDeploymentPostprocessing = 0;
		};
/* End PBXResourcesBuildPhase section */

/* Begin PBXSourcesBuildPhase section */
		4B140822256AA297007F5BF1 /* Sources */ = {
			isa = PBXSourcesBuildPhase;
			buildActionMask = 2147483647;
			files = (
				4B14087D256AA8F3007F5BF1 /* Utils.swift in Sources */,
				4B14082E256AA297007F5BF1 /* RestaurantVC.swift in Sources */,
				4B140883256AD860007F5BF1 /* RestaurantData.swift in Sources */,
				4B14086C256AA582007F5BF1 /* RestaurantManager.swift in Sources */,
				4B14088C256AE177007F5BF1 /* RestaurantDataForUI.swift in Sources */,
				4B14082A256AA297007F5BF1 /* AppDelegate.swift in Sources */,
				4B140878256AA734007F5BF1 /* Palette.swift in Sources */,
			);
			runOnlyForDeploymentPostprocessing = 0;
		};
		4B140838256AA298007F5BF1 /* Sources */ = {
			isa = PBXSourcesBuildPhase;
			buildActionMask = 2147483647;
			files = (
				4B140841256AA298007F5BF1 /* ProgrammaticCollectionTests.swift in Sources */,
			);
			runOnlyForDeploymentPostprocessing = 0;
		};
		4B140843256AA298007F5BF1 /* Sources */ = {
			isa = PBXSourcesBuildPhase;
			buildActionMask = 2147483647;
			files = (
				4B14084C256AA298007F5BF1 /* ProgrammaticCollectionUITests.swift in Sources */,
			);
			runOnlyForDeploymentPostprocessing = 0;
		};
/* End PBXSourcesBuildPhase section */

/* Begin PBXTargetDependency section */
		4B14083E256AA298007F5BF1 /* PBXTargetDependency */ = {
			isa = PBXTargetDependency;
			target = 4B140825256AA297007F5BF1 /* ProgrammaticCollection */;
			targetProxy = 4B14083D256AA298007F5BF1 /* PBXContainerItemProxy */;
		};
		4B140849256AA298007F5BF1 /* PBXTargetDependency */ = {
			isa = PBXTargetDependency;
			target = 4B140825256AA297007F5BF1 /* ProgrammaticCollection */;
			targetProxy = 4B140848256AA298007F5BF1 /* PBXContainerItemProxy */;
		};
/* End PBXTargetDependency section */

/* Begin PBXVariantGroup section */
		4B14082F256AA297007F5BF1 /* Main.storyboard */ = {
			isa = PBXVariantGroup;
			children = (
				4B140830256AA297007F5BF1 /* Base */,
			);
			name = Main.storyboard;
			sourceTree = "<group>";
		};
		4B140834256AA298007F5BF1 /* LaunchScreen.storyboard */ = {
			isa = PBXVariantGroup;
			children = (
				4B140835256AA298007F5BF1 /* Base */,
			);
			name = LaunchScreen.storyboard;
			sourceTree = "<group>";
		};
/* End PBXVariantGroup section */

/* Begin XCBuildConfiguration section */
		4B14084E256AA298007F5BF1 /* Debug */ = {
			isa = XCBuildConfiguration;
			buildSettings = {
				ALWAYS_SEARCH_USER_PATHS = NO;
				CLANG_ANALYZER_NONNULL = YES;
				CLANG_ANALYZER_NUMBER_OBJECT_CONVERSION = YES_AGGRESSIVE;
				CLANG_CXX_LANGUAGE_STANDARD = "gnu++14";
				CLANG_CXX_LIBRARY = "libc++";
				CLANG_ENABLE_MODULES = YES;
				CLANG_ENABLE_OBJC_ARC = YES;
				CLANG_ENABLE_OBJC_WEAK = YES;
				CLANG_WARN_BLOCK_CAPTURE_AUTORELEASING = YES;
				CLANG_WARN_BOOL_CONVERSION = YES;
				CLANG_WARN_COMMA = YES;
				CLANG_WARN_CONSTANT_CONVERSION = YES;
				CLANG_WARN_DEPRECATED_OBJC_IMPLEMENTATIONS = YES;
				CLANG_WARN_DIRECT_OBJC_ISA_USAGE = YES_ERROR;
				CLANG_WARN_DOCUMENTATION_COMMENTS = YES;
				CLANG_WARN_EMPTY_BODY = YES;
				CLANG_WARN_ENUM_CONVERSION = YES;
				CLANG_WARN_INFINITE_RECURSION = YES;
				CLANG_WARN_INT_CONVERSION = YES;
				CLANG_WARN_NON_LITERAL_NULL_CONVERSION = YES;
				CLANG_WARN_OBJC_IMPLICIT_RETAIN_SELF = YES;
				CLANG_WARN_OBJC_LITERAL_CONVERSION = YES;
				CLANG_WARN_OBJC_ROOT_CLASS = YES_ERROR;
				CLANG_WARN_QUOTED_INCLUDE_IN_FRAMEWORK_HEADER = YES;
				CLANG_WARN_RANGE_LOOP_ANALYSIS = YES;
				CLANG_WARN_STRICT_PROTOTYPES = YES;
				CLANG_WARN_SUSPICIOUS_MOVE = YES;
				CLANG_WARN_UNGUARDED_AVAILABILITY = YES_AGGRESSIVE;
				CLANG_WARN_UNREACHABLE_CODE = YES;
				CLANG_WARN__DUPLICATE_METHOD_MATCH = YES;
				COPY_PHASE_STRIP = NO;
				DEBUG_INFORMATION_FORMAT = dwarf;
				ENABLE_STRICT_OBJC_MSGSEND = YES;
				ENABLE_TESTABILITY = YES;
				GCC_C_LANGUAGE_STANDARD = gnu11;
				GCC_DYNAMIC_NO_PIC = NO;
				GCC_NO_COMMON_BLOCKS = YES;
				GCC_OPTIMIZATION_LEVEL = 0;
				GCC_PREPROCESSOR_DEFINITIONS = (
					"DEBUG=1",
					"$(inherited)",
				);
				GCC_WARN_64_TO_32_BIT_CONVERSION = YES;
				GCC_WARN_ABOUT_RETURN_TYPE = YES_ERROR;
				GCC_WARN_UNDECLARED_SELECTOR = YES;
				GCC_WARN_UNINITIALIZED_AUTOS = YES_AGGRESSIVE;
				GCC_WARN_UNUSED_FUNCTION = YES;
				GCC_WARN_UNUSED_VARIABLE = YES;
				IPHONEOS_DEPLOYMENT_TARGET = 11.0;
				MTL_ENABLE_DEBUG_INFO = INCLUDE_SOURCE;
				MTL_FAST_MATH = YES;
				ONLY_ACTIVE_ARCH = YES;
				SDKROOT = iphoneos;
				SWIFT_ACTIVE_COMPILATION_CONDITIONS = DEBUG;
				SWIFT_OPTIMIZATION_LEVEL = "-Onone";
			};
			name = Debug;
		};
		4B14084F256AA298007F5BF1 /* Release */ = {
			isa = XCBuildConfiguration;
			buildSettings = {
				ALWAYS_SEARCH_USER_PATHS = NO;
				CLANG_ANALYZER_NONNULL = YES;
				CLANG_ANALYZER_NUMBER_OBJECT_CONVERSION = YES_AGGRESSIVE;
				CLANG_CXX_LANGUAGE_STANDARD = "gnu++14";
				CLANG_CXX_LIBRARY = "libc++";
				CLANG_ENABLE_MODULES = YES;
				CLANG_ENABLE_OBJC_ARC = YES;
				CLANG_ENABLE_OBJC_WEAK = YES;
				CLANG_WARN_BLOCK_CAPTURE_AUTORELEASING = YES;
				CLANG_WARN_BOOL_CONVERSION = YES;
				CLANG_WARN_COMMA = YES;
				CLANG_WARN_CONSTANT_CONVERSION = YES;
				CLANG_WARN_DEPRECATED_OBJC_IMPLEMENTATIONS = YES;
				CLANG_WARN_DIRECT_OBJC_ISA_USAGE = YES_ERROR;
				CLANG_WARN_DOCUMENTATION_COMMENTS = YES;
				CLANG_WARN_EMPTY_BODY = YES;
				CLANG_WARN_ENUM_CONVERSION = YES;
				CLANG_WARN_INFINITE_RECURSION = YES;
				CLANG_WARN_INT_CONVERSION = YES;
				CLANG_WARN_NON_LITERAL_NULL_CONVERSION = YES;
				CLANG_WARN_OBJC_IMPLICIT_RETAIN_SELF = YES;
				CLANG_WARN_OBJC_LITERAL_CONVERSION = YES;
				CLANG_WARN_OBJC_ROOT_CLASS = YES_ERROR;
				CLANG_WARN_QUOTED_INCLUDE_IN_FRAMEWORK_HEADER = YES;
				CLANG_WARN_RANGE_LOOP_ANALYSIS = YES;
				CLANG_WARN_STRICT_PROTOTYPES = YES;
				CLANG_WARN_SUSPICIOUS_MOVE = YES;
				CLANG_WARN_UNGUARDED_AVAILABILITY = YES_AGGRESSIVE;
				CLANG_WARN_UNREACHABLE_CODE = YES;
				CLANG_WARN__DUPLICATE_METHOD_MATCH = YES;
				COPY_PHASE_STRIP = NO;
				DEBUG_INFORMATION_FORMAT = "dwarf-with-dsym";
				ENABLE_NS_ASSERTIONS = NO;
				ENABLE_STRICT_OBJC_MSGSEND = YES;
				GCC_C_LANGUAGE_STANDARD = gnu11;
				GCC_NO_COMMON_BLOCKS = YES;
				GCC_WARN_64_TO_32_BIT_CONVERSION = YES;
				GCC_WARN_ABOUT_RETURN_TYPE = YES_ERROR;
				GCC_WARN_UNDECLARED_SELECTOR = YES;
				GCC_WARN_UNINITIALIZED_AUTOS = YES_AGGRESSIVE;
				GCC_WARN_UNUSED_FUNCTION = YES;
				GCC_WARN_UNUSED_VARIABLE = YES;
				IPHONEOS_DEPLOYMENT_TARGET = 11.0;
				MTL_ENABLE_DEBUG_INFO = NO;
				MTL_FAST_MATH = YES;
				SDKROOT = iphoneos;
				SWIFT_COMPILATION_MODE = wholemodule;
				SWIFT_OPTIMIZATION_LEVEL = "-O";
				VALIDATE_PRODUCT = YES;
			};
			name = Release;
		};
		4B140851256AA298007F5BF1 /* Debug */ = {
			isa = XCBuildConfiguration;
			buildSettings = {
				ASSETCATALOG_COMPILER_APPICON_NAME = AppIcon;
				ASSETCATALOG_COMPILER_GLOBAL_ACCENT_COLOR_NAME = AccentColor;
				CODE_SIGN_STYLE = Automatic;
				DEVELOPMENT_TEAM = 58KYCA66UX;
				INFOPLIST_FILE = ProgrammaticCollection/Info.plist;
				IPHONEOS_DEPLOYMENT_TARGET = 11.0;
				LD_RUNPATH_SEARCH_PATHS = (
					"$(inherited)",
					"@executable_path/Frameworks",
				);
				PRODUCT_BUNDLE_IDENTIFIER = com.rankingapp.ProgrammaticCollection;
				PRODUCT_NAME = "$(TARGET_NAME)";
				SWIFT_VERSION = 5.0;
				TARGETED_DEVICE_FAMILY = "1,2";
			};
			name = Debug;
		};
		4B140852256AA298007F5BF1 /* Release */ = {
			isa = XCBuildConfiguration;
			buildSettings = {
				ASSETCATALOG_COMPILER_APPICON_NAME = AppIcon;
				ASSETCATALOG_COMPILER_GLOBAL_ACCENT_COLOR_NAME = AccentColor;
				CODE_SIGN_STYLE = Automatic;
				DEVELOPMENT_TEAM = 58KYCA66UX;
				INFOPLIST_FILE = ProgrammaticCollection/Info.plist;
				IPHONEOS_DEPLOYMENT_TARGET = 11.0;
				LD_RUNPATH_SEARCH_PATHS = (
					"$(inherited)",
					"@executable_path/Frameworks",
				);
				PRODUCT_BUNDLE_IDENTIFIER = com.rankingapp.ProgrammaticCollection;
				PRODUCT_NAME = "$(TARGET_NAME)";
				SWIFT_VERSION = 5.0;
				TARGETED_DEVICE_FAMILY = "1,2";
			};
			name = Release;
		};
		4B140854256AA298007F5BF1 /* Debug */ = {
			isa = XCBuildConfiguration;
			buildSettings = {
				ALWAYS_EMBED_SWIFT_STANDARD_LIBRARIES = YES;
				BUNDLE_LOADER = "$(TEST_HOST)";
				CODE_SIGN_STYLE = Automatic;
				DEVELOPMENT_TEAM = 58KYCA66UX;
				INFOPLIST_FILE = ProgrammaticCollectionTests/Info.plist;
				IPHONEOS_DEPLOYMENT_TARGET = 14.0;
				LD_RUNPATH_SEARCH_PATHS = (
					"$(inherited)",
					"@executable_path/Frameworks",
					"@loader_path/Frameworks",
				);
				PRODUCT_BUNDLE_IDENTIFIER = com.rankingapp.ProgrammaticCollectionTests;
				PRODUCT_NAME = "$(TARGET_NAME)";
				SWIFT_VERSION = 5.0;
				TARGETED_DEVICE_FAMILY = "1,2";
				TEST_HOST = "$(BUILT_PRODUCTS_DIR)/ProgrammaticCollection.app/ProgrammaticCollection";
			};
			name = Debug;
		};
		4B140855256AA298007F5BF1 /* Release */ = {
			isa = XCBuildConfiguration;
			buildSettings = {
				ALWAYS_EMBED_SWIFT_STANDARD_LIBRARIES = YES;
				BUNDLE_LOADER = "$(TEST_HOST)";
				CODE_SIGN_STYLE = Automatic;
				DEVELOPMENT_TEAM = 58KYCA66UX;
				INFOPLIST_FILE = ProgrammaticCollectionTests/Info.plist;
				IPHONEOS_DEPLOYMENT_TARGET = 14.0;
				LD_RUNPATH_SEARCH_PATHS = (
					"$(inherited)",
					"@executable_path/Frameworks",
					"@loader_path/Frameworks",
				);
				PRODUCT_BUNDLE_IDENTIFIER = com.rankingapp.ProgrammaticCollectionTests;
				PRODUCT_NAME = "$(TARGET_NAME)";
				SWIFT_VERSION = 5.0;
				TARGETED_DEVICE_FAMILY = "1,2";
				TEST_HOST = "$(BUILT_PRODUCTS_DIR)/ProgrammaticCollection.app/ProgrammaticCollection";
			};
			name = Release;
		};
		4B140857256AA298007F5BF1 /* Debug */ = {
			isa = XCBuildConfiguration;
			buildSettings = {
				ALWAYS_EMBED_SWIFT_STANDARD_LIBRARIES = YES;
				CODE_SIGN_STYLE = Automatic;
				DEVELOPMENT_TEAM = 58KYCA66UX;
				INFOPLIST_FILE = ProgrammaticCollectionUITests/Info.plist;
				LD_RUNPATH_SEARCH_PATHS = (
					"$(inherited)",
					"@executable_path/Frameworks",
					"@loader_path/Frameworks",
				);
				PRODUCT_BUNDLE_IDENTIFIER = com.rankingapp.ProgrammaticCollectionUITests;
				PRODUCT_NAME = "$(TARGET_NAME)";
				SWIFT_VERSION = 5.0;
				TARGETED_DEVICE_FAMILY = "1,2";
				TEST_TARGET_NAME = ProgrammaticCollection;
			};
			name = Debug;
		};
		4B140858256AA298007F5BF1 /* Release */ = {
			isa = XCBuildConfiguration;
			buildSettings = {
				ALWAYS_EMBED_SWIFT_STANDARD_LIBRARIES = YES;
				CODE_SIGN_STYLE = Automatic;
				DEVELOPMENT_TEAM = 58KYCA66UX;
				INFOPLIST_FILE = ProgrammaticCollectionUITests/Info.plist;
				LD_RUNPATH_SEARCH_PATHS = (
					"$(inherited)",
					"@executable_path/Frameworks",
					"@loader_path/Frameworks",
				);
				PRODUCT_BUNDLE_IDENTIFIER = com.rankingapp.ProgrammaticCollectionUITests;
				PRODUCT_NAME = "$(TARGET_NAME)";
				SWIFT_VERSION = 5.0;
				TARGETED_DEVICE_FAMILY = "1,2";
				TEST_TARGET_NAME = ProgrammaticCollection;
			};
			name = Release;
		};
/* End XCBuildConfiguration section */

/* Begin XCConfigurationList section */
		4B140821256AA297007F5BF1 /* Build configuration list for PBXProject "ProgrammaticCollection" */ = {
			isa = XCConfigurationList;
			buildConfigurations = (
				4B14084E256AA298007F5BF1 /* Debug */,
				4B14084F256AA298007F5BF1 /* Release */,
			);
			defaultConfigurationIsVisible = 0;
			defaultConfigurationName = Release;
		};
		4B140850256AA298007F5BF1 /* Build configuration list for PBXNativeTarget "ProgrammaticCollection" */ = {
			isa = XCConfigurationList;
			buildConfigurations = (
				4B140851256AA298007F5BF1 /* Debug */,
				4B140852256AA298007F5BF1 /* Release */,
			);
			defaultConfigurationIsVisible = 0;
			defaultConfigurationName = Release;
		};
		4B140853256AA298007F5BF1 /* Build configuration list for PBXNativeTarget "ProgrammaticCollectionTests" */ = {
			isa = XCConfigurationList;
			buildConfigurations = (
				4B140854256AA298007F5BF1 /* Debug */,
				4B140855256AA298007F5BF1 /* Release */,
			);
			defaultConfigurationIsVisible = 0;
			defaultConfigurationName = Release;
		};
		4B140856256AA298007F5BF1 /* Build configuration list for PBXNativeTarget "ProgrammaticCollectionUITests" */ = {
			isa = XCConfigurationList;
			buildConfigurations = (
				4B140857256AA298007F5BF1 /* Debug */,
				4B140858256AA298007F5BF1 /* Release */,
			);
			defaultConfigurationIsVisible = 0;
			defaultConfigurationName = Release;
		};
/* End XCConfigurationList section */
	};
	rootObject = 4B14081E256AA297007F5BF1 /* Project object */;
}
